
Microsoft Visual Studio Solution File, Format Version 12.00
# Visual Studio 2013
VisualStudioVersion = 12.0.31101.0
MinimumVisualStudioVersion = 10.0.40219.1
Project("{FAE04EC0-301F-11D3-BF4B-00C04F79EFBC}") = "CETech", "sources\CETech\CETech.csproj", "{DCC6F18B-E854-4C81-AB12-35DC05DD2DB9}"
EndProject
Project("{FAE04EC0-301F-11D3-BF4B-00C04F79EFBC}") = "CELib", "sources\CELib\CELib.csproj", "{34DEF76A-96F9-4CF1-8089-EE64EDE6F3AA}"
EndProject
Project("{2150E333-8FDC-42A3-9474-1A3956D46DE8}") = "Solution Items", "Solution Items", "{7B2A8E9F-B96D-4FDD-A169-A20E48FE5C20}"
	ProjectSection(SolutionItems) = preProject
		.gitignore = .gitignore
	EndProjectSection
EndProject
Global
	GlobalSection(SolutionConfigurationPlatforms) = preSolution
		Debug|Any CPU = Debug|Any CPU
		Release|Any CPU = Release|Any CPU
	EndGlobalSection
	GlobalSection(ProjectConfigurationPlatforms) = postSolution
		{DCC6F18B-E854-4C81-AB12-35DC05DD2DB9}.Debug|Any CPU.ActiveCfg = Debug|Any CPU
		{DCC6F18B-E854-4C81-AB12-35DC05DD2DB9}.Debug|Any CPU.Build.0 = Debug|Any CPU
		{DCC6F18B-E854-4C81-AB12-35DC05DD2DB9}.Release|Any CPU.ActiveCfg = Release|Any CPU
		{DCC6F18B-E854-4C81-AB12-35DC05DD2DB9}.Release|Any CPU.Build.0 = Release|Any CPU
		{34DEF76A-96F9-4CF1-8089-EE64EDE6F3AA}.Debug|Any CPU.ActiveCfg = Debug|Any CPU
		{34DEF76A-96F9-4CF1-8089-EE64EDE6F3AA}.Debug|Any CPU.Build.0 = Debug|Any CPU
		{34DEF76A-96F9-4CF1-8089-EE64EDE6F3AA}.Release|Any CPU.ActiveCfg = Release|Any CPU
		{34DEF76A-96F9-4CF1-8089-EE64EDE6F3AA}.Release|Any CPU.Build.0 = Release|Any CPU
	EndGlobalSection
	GlobalSection(SolutionProperties) = preSolution
		HideSolutionNode = FALSE
	EndGlobalSection
EndGlobal
